github.com/davecgh/go-spew v1.1.1 h1:vj9j/u1bqnvCEfJOwUhtlOARqs3+rkHYY13jYWTU97c=
github.com/davecgh/go-spew v1.1.1/go.mod h1:J7Y8YcW2NihsgmVo/mv3lAwl/skON4iLHjSsI+c5H38=
github.com/gomodule/redigo v1.9.2 h1:HrutZBLhSIU8abiSfW8pj8mPhOyMYjZT/wcA4/L9L9s=
github.com/gomodule/redigo v1.9.2/go.mod h1:KsU3hiK/Ay8U42qpaJk+kuNa3C+spxapWpM+ywhcgtw=
github.com/northbright/htmlhelper v0.0.0-20191025043000-34608332bbf7 h1:0OllbP8n3YtpHpMQ+WkMxDBISuupJ9dcZxCLleGkkic=
github.com/northbright/htmlhelper v0.0.0-20191025043000-34608332bbf7/go.mod h1:A2c4a6pnYv6sep+pSoBDPZ+e2egUlhTb2f4pkpVPX7U=
github.com/northbright/ming800 v0.0.0-20191114060018-6103d3717195 h1:TxtSpYwPl8fpax56mPTHFFFRQqzmtTRbft5V/J1notM=
github.com/northbright/ming800 v0.0.0-20191114060018-6103d3717195/go.mod h1:fvq99zshQFoMEVZ/ST/nfm/50fsE9gHjcpkNMEYprOg=
github.com/northbright/pathhelper v0.0.0-20220624061013-a987b8a0d722 h1:knTwAf2u9YMuY6xC7lR5CxY9urQwvmFnAzCg2/7/0Mg=
github.com/northbright/pathhelper v0.0.0-20220624061013-a987b8a0d722/go.mod h1:j1FrncyZPgf6OApjGJArGsOZM101MYv40ebu5eypu+A=
github.com/northbright/redishelper v0.2.0 h1:7R3SH5qRqKD7WkO7i2DUB+0ffNzmhdn11KA2eYOACrU=
github.com/northbright/redishelper v0.2.0/go.mod h1:CwcpNeeDiViOoZxZmofRBclD8YyJGy5CNXTfEwFjHyY=
github.com/pmezard/go-difflib v1.0.0 h1:4DBwDE0NGyQoBHbLQYPwSUPoCMWR5BEzIk/f1lZbAQM=
github.com/pmezard/go-difflib v1.0.0/go.mod h1:iKH77koFhYxTK1pcRnkKkqfTogsbg7gZNVY4sRDYZ/4=
github.com/stretchr/testify v1.8.4 h1:CcVxjf3Q8PM0mHUKJCdn+eZZtm5yQwehR5yeSVQQcUk=
github.com/stretchr/testify v1.8.4/go.mod h1:sz/lmYIOXD/1dqDmKjjqLyZ2RngseejIcXlSw2iwfAo=
gopkg.in/yaml.v3 v3.0.1 h1:fxVm/GzAzEWqLHuvctI91KS9hhNmmWOoWu0XTYJS7CA=
gopkg.in/yaml.v3 v3.0.1/go.mod h1:K4uyk7z7BCEPqu6E+C64Yfv1cQ7kz7rIZviUmN+EgEM=
